<?xml version="1.0" encoding="utf-8"?>
<Project ToolsVersion="4.0" xmlns="http://schemas.microsoft.com/developer/msbuild/2003">
  <ItemGroup>
    <Filter Include="源文件">
      <UniqueIdentifier>{4FC737F1-C7A5-4376-A066-2A32D752A2FF}</UniqueIdentifier>
      <Extensions>cpp;c;cc;cxx;def;odl;idl;hpj;bat;asm;asmx</Extensions>
    </Filter>
    <Filter Include="头文件">
      <UniqueIdentifier>{93995380-89BD-4b04-88EB-625FBE52EBFB}</UniqueIdentifier>
      <Extensions>h;hpp;hxx;hm;inl;inc;xsd</Extensions>
    </Filter>
    <Filter Include="资源文件">
      <UniqueIdentifier>{67DA6AB6-F800-4c08-8B7A-83BB121AAD01}</UniqueIdentifier>
      <Extensions>rc;ico;cur;bmp;dlg;rc2;rct;bin;rgs;gif;jpg;jpeg;jpe;resx;tiff;tif;png;wav</Extensions>
    </Filter>
    <Filter Include="ServerParser">
      <UniqueIdentifier>{dfca2df7-fe5d-40ef-8940-ac4dae068c84}</UniqueIdentifier>
    </Filter>
    <Filter Include="Config">
      <UniqueIdentifier>{60c626d5-d031-41e1-affb-6941163ce863}</UniqueIdentifier>
    </Filter>
    <Filter Include="ClientParser">
      <UniqueIdentifier>{32b60bbd-659f-490b-8d0a-dc1f680a09e3}</UniqueIdentifier>
    </Filter>
    <Filter Include="Timer">
      <UniqueIdentifier>{18e40f06-1f6b-499f-b27a-e3de6e74fa0a}</UniqueIdentifier>
    </Filter>
    <Filter Include="Protocal">
      <UniqueIdentifier>{fb3ca3cc-f27d-412e-86a4-0a46bea7d6d3}</UniqueIdentifier>
    </Filter>
  </ItemGroup>
  <ItemGroup>
    <ClCompile Include="WSGateway.cpp">
      <Filter>源文件</Filter>
    </ClCompile>
    <ClCompile Include="stdafx.cpp">
      <Filter>源文件</Filter>
    </ClCompile>
    <ClCompile Include="ServerParser\ServerParser.cpp">
      <Filter>ServerParser</Filter>
    </ClCompile>
    <ClCompile Include="ServerParser\ServerSocket.cpp">
      <Filter>ServerParser</Filter>
    </ClCompile>
    <ClCompile Include="Config\Config.cpp">
      <Filter>Config</Filter>
    </ClCompile>
    <ClCompile Include="ClientParser\PkgParser.cpp">
      <Filter>ClientParser</Filter>
    </ClCompile>
    <ClCompile Include="timer\TimerMgr.cpp">
      <Filter>Timer</Filter>
    </ClCompile>
    <ClCompile Include="ClientParser\GameSocket.cpp">
      <Filter>ClientParser</Filter>
    </ClCompile>
  </ItemGroup>
  <ItemGroup>
    <ClInclude Include="WSGateway.h">
      <Filter>头文件</Filter>
    </ClInclude>
    <ClInclude Include="Global.h">
      <Filter>头文件</Filter>
    </ClInclude>
    <ClInclude Include="Resource.h">
      <Filter>头文件</Filter>
    </ClInclude>
    <ClInclude Include="stdafx.h">
      <Filter>头文件</Filter>
    </ClInclude>
    <ClInclude Include="targetver.h">
      <Filter>头文件</Filter>
    </ClInclude>
    <ClInclude Include="ServerParser\GWMsgDef.h">
      <Filter>ServerParser</Filter>
    </ClInclude>
    <ClInclude Include="ServerParser\ServerParser.h">
      <Filter>ServerParser</Filter>
    </ClInclude>
    <ClInclude Include="ServerParser\ServerSocket.h">
      <Filter>ServerParser</Filter>
    </ClInclude>
    <ClInclude Include="Config\Config.h">
      <Filter>Config</Filter>
    </ClInclude>
    <ClInclude Include="ClientParser\PkgParser.h">
      <Filter>ClientParser</Filter>
    </ClInclude>
    <ClInclude Include="timer\TimerMgr.h">
      <Filter>Timer</Filter>
    </ClInclude>
    <ClInclude Include="ClientParser\GameSocket.h">
      <Filter>ClientParser</Filter>
    </ClInclude>
    <ClInclude Include="..\Common\ClientDef.h">
      <Filter>Protocal</Filter>
    </ClInclude>
    <ClInclude Include="..\Common\MsgRetDef.h">
      <Filter>Protocal</Filter>
    </ClInclude>
  </ItemGroup>
  <ItemGroup>
    <Text Include="ReadMe.txt" />
  </ItemGroup>
</Project>